// !$*UTF8*$!
{
	archiveVersion = 1;
	classes = {
	};
	objectVersion = 77;
	objects = {

/* Begin PBXBuildFile section */
		C76BBB592E30B65000571435 /* FirebaseAuth in Frameworks */ = {isa = PBXBuildFile; productRef = C76BBB582E30B65000571435 /* FirebaseAuth */; };
		C76BBB5B2E30B65000571435 /* FirebaseFirestore in Frameworks */ = {isa = PBXBuildFile; productRef = C76BBB5A2E30B65000571435 /* FirebaseFirestore */; };
		C76BBC782E30C05800571435 /* MedicationReminder.swift in Sources */ = {isa = PBXBuildFile; fileRef = C76BBC562E30C05800571435 /* MedicationReminder.swift */; };
		C76BBC792E30C05800571435 /* ContentView.swift in Sources */ = {isa = PBXBuildFile; fileRef = C76BBC5E2E30C05800571435 /* ContentView.swift */; };
		C76BBC7A2E30C05800571435 /* MainTabView.swift in Sources */ = {isa = PBXBuildFile; fileRef = C76BBC6B2E30C05800571435 /* MainTabView.swift */; };
		C76BBC7B2E30C05800571435 /* MyPage.swift in Sources */ = {isa = PBXBuildFile; fileRef = C76BBC752E30C05800571435 /* MyPage.swift */; };
		C76BBC7C2E30C05800571435 /* LoginView.swift in Sources */ = {isa = PBXBuildFile; fileRef = C76BBC742E30C05800571435 /* LoginView.swift */; };
		C76BBC7D2E30C05800571435 /* WeeklyDetailCard.swift in Sources */ = {isa = PBXBuildFile; fileRef = C76BBC6F2E30C05800571435 /* WeeklyDetailCard.swift */; };
		C76BBC7E2E30C05800571435 /* ChatView.swift in Sources */ = {isa = PBXBuildFile; fileRef = C76BBC632E30C05800571435 /* ChatView.swift */; };
		C76BBC7F2E30C05800571435 /* SignUp.swift in Sources */ = {isa = PBXBuildFile; fileRef = C76BBC762E30C05800571435 /* SignUp.swift */; };
		C76BBC802E30C05800571435 /* HistoryView.swift in Sources */ = {isa = PBXBuildFile; fileRef = C76BBC542E30C05800571435 /* HistoryView.swift */; };
		C76BBC812E30C05800571435 /* Notificationmanager.swift in Sources */ = {isa = PBXBuildFile; fileRef = C76BBC602E30C05800571435 /* Notificationmanager.swift */; };
		C76BBC822E30C05800571435 /* ReminderAddView.swift in Sources */ = {isa = PBXBuildFile; fileRef = C76BBC572E30C05800571435 /* ReminderAddView.swift */; };
		C76BBC832E30C05800571435 /* WeeklyReportCardView.swift in Sources */ = {isa = PBXBuildFile; fileRef = C76BBC712E30C05800571435 /* WeeklyReportCardView.swift */; };
		C76BBC842E30C05800571435 /* CalendarGridView.swift in Sources */ = {isa = PBXBuildFile; fileRef = C76BBC672E30C05800571435 /* CalendarGridView.swift */; };
		C76BBC852E30C05800571435 /* HealthTipView.swift in Sources */ = {isa = PBXBuildFile; fileRef = C76BBC692E30C05800571435 /* HealthTipView.swift */; };
		C76BBC862E30C05800571435 /* WeeklyDoseStat.swift in Sources */ = {isa = PBXBuildFile; fileRef = C76BBC702E30C05800571435 /* WeeklyDoseStat.swift */; };
		C76BBC872E30C05800571435 /* CalendarView.swift in Sources */ = {isa = PBXBuildFile; fileRef = C76BBC682E30C05800571435 /* CalendarView.swift */; };
		C76BBC882E30C05800571435 /* ReportView.swift in Sources */ = {isa = PBXBuildFile; fileRef = C76BBC6C2E30C05800571435 /* ReportView.swift */; };
		C76BBC892E30C05800571435 /* MediMateApp.swift in Sources */ = {isa = PBXBuildFile; fileRef = C76BBC5F2E30C05800571435 /* MediMateApp.swift */; };
		C76BBC8A2E30C05800571435 /* HomeView.swift in Sources */ = {isa = PBXBuildFile; fileRef = C76BBC6A2E30C05800571435 /* HomeView.swift */; };
		C76BBC8B2E30C05800571435 /* TodayMedicationListView.swift in Sources */ = {isa = PBXBuildFile; fileRef = C76BBC6D2E30C05800571435 /* TodayMedicationListView.swift */; };
		C76BBC8C2E30C05800571435 /* ReminderListView.swift in Sources */ = {isa = PBXBuildFile; fileRef = C76BBC582E30C05800571435 /* ReminderListView.swift */; };
		C76BBC8D2E30C05800571435 /* ConsultView.swift in Sources */ = {isa = PBXBuildFile; fileRef = C76BBC642E30C05800571435 /* ConsultView.swift */; };
		C76BBC8E2E30C05800571435 /* ReminderTabView.swift in Sources */ = {isa = PBXBuildFile; fileRef = C76BBC592E30C05800571435 /* ReminderTabView.swift */; };
		C76BBC8F2E30C05800571435 /* MedicationProgressView.swift in Sources */ = {isa = PBXBuildFile; fileRef = C76BBC552E30C05800571435 /* MedicationProgressView.swift */; };
		C76BBC902E30C05800571435 /* EditReminderView.swift in Sources */ = {isa = PBXBuildFile; fileRef = C76BBC532E30C05800571435 /* EditReminderView.swift */; };
		C76BBC912E30C05800571435 /* InputOptionButton.swift in Sources */ = {isa = PBXBuildFile; fileRef = C76BBC5C2E30C05800571435 /* InputOptionButton.swift */; };
		C76BBC922E30C05800571435 /* AuthViewModel.swift in Sources */ = {isa = PBXBuildFile; fileRef = C76BBC732E30C05800571435 /* AuthViewModel.swift */; };
		C76BBC932E30C05800571435 /* DoseRecord.swift in Sources */ = {isa = PBXBuildFile; fileRef = C76BBC522E30C05800571435 /* DoseRecord.swift */; };
		C76BBC942E30C05800571435 /* UpcomingMedicationView.swift in Sources */ = {isa = PBXBuildFile; fileRef = C76BBC6E2E30C05800571435 /* UpcomingMedicationView.swift */; };
		C76BBC952E30C05800571435 /* AnalyzeView.swift in Sources */ = {isa = PBXBuildFile; fileRef = C76BBC5B2E30C05800571435 /* AnalyzeView.swift */; };
		C76BBC962E30C05800571435 /* Assets.xcassets in Resources */ = {isa = PBXBuildFile; fileRef = C76BBC622E30C05800571435 /* Assets.xcassets */; };
		C76BBC972E30C05800571435 /* GoogleService-Info.plist in Resources */ = {isa = PBXBuildFile; fileRef = C76BBC662E30C05800571435 /* GoogleService-Info.plist */; };
/* End PBXBuildFile section */

/* Begin PBXContainerItemProxy section */
		C7BF10692E1421EE002FF2A4 /* PBXContainerItemProxy */ = {
			isa = PBXContainerItemProxy;
			containerPortal = C7BF10532E1421EC002FF2A4 /* Project object */;
			proxyType = 1;
			remoteGlobalIDString = C7BF105A2E1421EC002FF2A4;
			remoteInfo = MediMate;
		};
		C7BF10732E1421EE002FF2A4 /* PBXContainerItemProxy */ = {
			isa = PBXContainerItemProxy;
			containerPortal = C7BF10532E1421EC002FF2A4 /* Project object */;
			proxyType = 1;
			remoteGlobalIDString = C7BF105A2E1421EC002FF2A4;
			remoteInfo = MediMate;
		};
/* End PBXContainerItemProxy section */

/* Begin PBXFileReference section */
		C76BBC522E30C05800571435 /* DoseRecord.swift */ = {isa = PBXFileReference; lastKnownFileType = sourcecode.swift; path = DoseRecord.swift; sourceTree = "<group>"; };
		C76BBC532E30C05800571435 /* EditReminderView.swift */ = {isa = PBXFileReference; lastKnownFileType = sourcecode.swift; path = EditReminderView.swift; sourceTree = "<group>"; };
		C76BBC542E30C05800571435 /* HistoryView.swift */ = {isa = PBXFileReference; lastKnownFileType = sourcecode.swift; path = HistoryView.swift; sourceTree = "<group>"; };
		C76BBC552E30C05800571435 /* MedicationProgressView.swift */ = {isa = PBXFileReference; lastKnownFileType = sourcecode.swift; path = MedicationProgressView.swift; sourceTree = "<group>"; };
		C76BBC562E30C05800571435 /* MedicationReminder.swift */ = {isa = PBXFileReference; lastKnownFileType = sourcecode.swift; path = MedicationReminder.swift; sourceTree = "<group>"; };
		C76BBC572E30C05800571435 /* ReminderAddView.swift */ = {isa = PBXFileReference; lastKnownFileType = sourcecode.swift; path = ReminderAddView.swift; sourceTree = "<group>"; };
		C76BBC582E30C05800571435 /* ReminderListView.swift */ = {isa = PBXFileReference; lastKnownFileType = sourcecode.swift; path = ReminderListView.swift; sourceTree = "<group>"; };
		C76BBC592E30C05800571435 /* ReminderTabView.swift */ = {isa = PBXFileReference; lastKnownFileType = sourcecode.swift; path = ReminderTabView.swift; sourceTree = "<group>"; };
		C76BBC5B2E30C05800571435 /* AnalyzeView.swift */ = {isa = PBXFileReference; lastKnownFileType = sourcecode.swift; path = AnalyzeView.swift; sourceTree = "<group>"; };
		C76BBC5C2E30C05800571435 /* InputOptionButton.swift */ = {isa = PBXFileReference; lastKnownFileType = sourcecode.swift; path = InputOptionButton.swift; sourceTree = "<group>"; };
		C76BBC5E2E30C05800571435 /* ContentView.swift */ = {isa = PBXFileReference; lastKnownFileType = sourcecode.swift; path = ContentView.swift; sourceTree = "<group>"; };
		C76BBC5F2E30C05800571435 /* MediMateApp.swift */ = {isa = PBXFileReference; lastKnownFileType = sourcecode.swift; path = MediMateApp.swift; sourceTree = "<group>"; };
		C76BBC602E30C05800571435 /* Notificationmanager.swift */ = {isa = PBXFileReference; lastKnownFileType = sourcecode.swift; path = Notificationmanager.swift; sourceTree = "<group>"; };
		C76BBC622E30C05800571435 /* Assets.xcassets */ = {isa = PBXFileReference; lastKnownFileType = folder.assetcatalog; path = Assets.xcassets; sourceTree = "<group>"; };
		C76BBC632E30C05800571435 /* ChatView.swift */ = {isa = PBXFileReference; lastKnownFileType = sourcecode.swift; path = ChatView.swift; sourceTree = "<group>"; };
		C76BBC642E30C05800571435 /* ConsultView.swift */ = {isa = PBXFileReference; lastKnownFileType = sourcecode.swift; path = ConsultView.swift; sourceTree = "<group>"; };
		C76BBC662E30C05800571435 /* GoogleService-Info.plist */ = {isa = PBXFileReference; lastKnownFileType = text.plist.xml; path = "GoogleService-Info.plist"; sourceTree = "<group>"; };
		C76BBC672E30C05800571435 /* CalendarGridView.swift */ = {isa = PBXFileReference; lastKnownFileType = sourcecode.swift; path = CalendarGridView.swift; sourceTree = "<group>"; };
		C76BBC682E30C05800571435 /* CalendarView.swift */ = {isa = PBXFileReference; lastKnownFileType = sourcecode.swift; path = CalendarView.swift; sourceTree = "<group>"; };
		C76BBC692E30C05800571435 /* HealthTipView.swift */ = {isa = PBXFileReference; lastKnownFileType = sourcecode.swift; path = HealthTipView.swift; sourceTree = "<group>"; };
		C76BBC6A2E30C05800571435 /* HomeView.swift */ = {isa = PBXFileReference; lastKnownFileType = sourcecode.swift; path = HomeView.swift; sourceTree = "<group>"; };
		C76BBC6B2E30C05800571435 /* MainTabView.swift */ = {isa = PBXFileReference; lastKnownFileType = sourcecode.swift; path = MainTabView.swift; sourceTree = "<group>"; };
		C76BBC6C2E30C05800571435 /* ReportView.swift */ = {isa = PBXFileReference; lastKnownFileType = sourcecode.swift; path = ReportView.swift; sourceTree = "<group>"; };
		C76BBC6D2E30C05800571435 /* TodayMedicationListView.swift */ = {isa = PBXFileReference; lastKnownFileType = sourcecode.swift; path = TodayMedicationListView.swift; sourceTree = "<group>"; };
		C76BBC6E2E30C05800571435 /* UpcomingMedicationView.swift */ = {isa = PBXFileReference; lastKnownFileType = sourcecode.swift; path = UpcomingMedicationView.swift; sourceTree = "<group>"; };
		C76BBC6F2E30C05800571435 /* WeeklyDetailCard.swift */ = {isa = PBXFileReference; lastKnownFileType = sourcecode.swift; path = WeeklyDetailCard.swift; sourceTree = "<group>"; };
		C76BBC702E30C05800571435 /* WeeklyDoseStat.swift */ = {isa = PBXFileReference; lastKnownFileType = sourcecode.swift; path = WeeklyDoseStat.swift; sourceTree = "<group>"; };
		C76BBC712E30C05800571435 /* WeeklyReportCardView.swift */ = {isa = PBXFileReference; lastKnownFileType = sourcecode.swift; path = WeeklyReportCardView.swift; sourceTree = "<group>"; };
		C76BBC732E30C05800571435 /* AuthViewModel.swift */ = {isa = PBXFileReference; lastKnownFileType = sourcecode.swift; path = AuthViewModel.swift; sourceTree = "<group>"; };
		C76BBC742E30C05800571435 /* LoginView.swift */ = {isa = PBXFileReference; lastKnownFileType = sourcecode.swift; path = LoginView.swift; sourceTree = "<group>"; };
		C76BBC752E30C05800571435 /* MyPage.swift */ = {isa = PBXFileReference; lastKnownFileType = sourcecode.swift; path = MyPage.swift; sourceTree = "<group>"; };
		C76BBC762E30C05800571435 /* SignUp.swift */ = {isa = PBXFileReference; lastKnownFileType = sourcecode.swift; path = SignUp.swift; sourceTree = "<group>"; };
		C7BF105B2E1421EC002FF2A4 /* MediMate.app */ = {isa = PBXFileReference; explicitFileType = wrapper.application; includeInIndex = 0; path = MediMate.app; sourceTree = BUILT_PRODUCTS_DIR; };
		C7BF10682E1421EE002FF2A4 /* MediMateTests.xctest */ = {isa = PBXFileReference; explicitFileType = wrapper.cfbundle; includeInIndex = 0; path = MediMateTests.xctest; sourceTree = BUILT_PRODUCTS_DIR; };
		C7BF10722E1421EE002FF2A4 /* MediMateUITests.xctest */ = {isa = PBXFileReference; explicitFileType = wrapper.cfbundle; includeInIndex = 0; path = MediMateUITests.xctest; sourceTree = BUILT_PRODUCTS_DIR; };
/* End PBXFileReference section */

/* Begin PBXFileSystemSynchronizedRootGroup section */
		C7BF106B2E1421EE002FF2A4 /* MediMateTests */ = {
			isa = PBXFileSystemSynchronizedRootGroup;
			path = MediMateTests;
			sourceTree = "<group>";
		};
		C7BF10752E1421EE002FF2A4 /* MediMateUITests */ = {
			isa = PBXFileSystemSynchronizedRootGroup;
			path = MediMateUITests;
			sourceTree = "<group>";
		};
/* End PBXFileSystemSynchronizedRootGroup section */

/* Begin PBXFrameworksBuildPhase section */
		C7BF10582E1421EC002FF2A4 /* Frameworks */ = {
			isa = PBXFrameworksBuildPhase;
			buildActionMask = 2147483647;
			files = (
				C76BBB592E30B65000571435 /* FirebaseAuth in Frameworks */,
				C76BBB5B2E30B65000571435 /* FirebaseFirestore in Frameworks */,
			);
			runOnlyForDeploymentPostprocessing = 0;
		};
		C7BF10652E1421EE002FF2A4 /* Frameworks */ = {
			isa = PBXFrameworksBuildPhase;
			buildActionMask = 2147483647;
			files = (
			);
			runOnlyForDeploymentPostprocessing = 0;
		};
		C7BF106F2E1421EE002FF2A4 /* Frameworks */ = {
			isa = PBXFrameworksBuildPhase;
			buildActionMask = 2147483647;
			files = (
			);
			runOnlyForDeploymentPostprocessing = 0;
		};
/* End PBXFrameworksBuildPhase section */

/* Begin PBXGroup section */
		C70FE6DD2E18F0230039C6C4 /* Frameworks */ = {
			isa = PBXGroup;
			children = (
			);
			name = Frameworks;
			sourceTree = "<group>";
		};
		C76BBC5A2E30C05800571435 /* Alarm */ = {
			isa = PBXGroup;
			children = (
				C76BBC522E30C05800571435 /* DoseRecord.swift */,
				C76BBC532E30C05800571435 /* EditReminderView.swift */,
				C76BBC542E30C05800571435 /* HistoryView.swift */,
				C76BBC552E30C05800571435 /* MedicationProgressView.swift */,
				C76BBC562E30C05800571435 /* MedicationReminder.swift */,
				C76BBC572E30C05800571435 /* ReminderAddView.swift */,
				C76BBC582E30C05800571435 /* ReminderListView.swift */,
				C76BBC592E30C05800571435 /* ReminderTabView.swift */,
			);
			path = Alarm;
			sourceTree = "<group>";
		};
		C76BBC5D2E30C05800571435 /* Analyze */ = {
			isa = PBXGroup;
			children = (
				C76BBC5B2E30C05800571435 /* AnalyzeView.swift */,
				C76BBC5C2E30C05800571435 /* InputOptionButton.swift */,
			);
			path = Analyze;
			sourceTree = "<group>";
		};
		C76BBC612E30C05800571435 /* App */ = {
			isa = PBXGroup;
			children = (
				C76BBC5E2E30C05800571435 /* ContentView.swift */,
				C76BBC5F2E30C05800571435 /* MediMateApp.swift */,
				C76BBC602E30C05800571435 /* Notificationmanager.swift */,
			);
			path = App;
			sourceTree = "<group>";
		};
		C76BBC652E30C05800571435 /* Chatbot */ = {
			isa = PBXGroup;
			children = (
				C76BBC632E30C05800571435 /* ChatView.swift */,
				C76BBC642E30C05800571435 /* ConsultView.swift */,
			);
			path = Chatbot;
			sourceTree = "<group>";
		};
		C76BBC722E30C05800571435 /* Home */ = {
			isa = PBXGroup;
			children = (
				C76BBC672E30C05800571435 /* CalendarGridView.swift */,
				C76BBC682E30C05800571435 /* CalendarView.swift */,
				C76BBC692E30C05800571435 /* HealthTipView.swift */,
				C76BBC6A2E30C05800571435 /* HomeView.swift */,
				C76BBC6B2E30C05800571435 /* MainTabView.swift */,
				C76BBC6C2E30C05800571435 /* ReportView.swift */,
				C76BBC6D2E30C05800571435 /* TodayMedicationListView.swift */,
				C76BBC6E2E30C05800571435 /* UpcomingMedicationView.swift */,
				C76BBC6F2E30C05800571435 /* WeeklyDetailCard.swift */,
				C76BBC702E30C05800571435 /* WeeklyDoseStat.swift */,
				C76BBC712E30C05800571435 /* WeeklyReportCardView.swift */,
			);
			path = Home;
			sourceTree = "<group>";
		};
		C76BBC772E30C05800571435 /* Mypage */ = {
			isa = PBXGroup;
			children = (
				C76BBC732E30C05800571435 /* AuthViewModel.swift */,
				C76BBC742E30C05800571435 /* LoginView.swift */,
				C76BBC752E30C05800571435 /* MyPage.swift */,
				C76BBC762E30C05800571435 /* SignUp.swift */,
			);
			path = Mypage;
			sourceTree = "<group>";
		};
		C7BF10522E1421EC002FF2A4 = {
			isa = PBXGroup;
			children = (
				C76BBC5A2E30C05800571435 /* Alarm */,
				C76BBC5D2E30C05800571435 /* Analyze */,
				C76BBC612E30C05800571435 /* App */,
				C76BBC622E30C05800571435 /* Assets.xcassets */,
				C76BBC652E30C05800571435 /* Chatbot */,
				C76BBC662E30C05800571435 /* GoogleService-Info.plist */,
				C76BBC722E30C05800571435 /* Home */,
				C76BBC772E30C05800571435 /* Mypage */,
				C7BF106B2E1421EE002FF2A4 /* MediMateTests */,
				C7BF10752E1421EE002FF2A4 /* MediMateUITests */,
				C70FE6DD2E18F0230039C6C4 /* Frameworks */,
				C7BF105C2E1421EC002FF2A4 /* Products */,
			);
			sourceTree = "<group>";
		};
		C7BF105C2E1421EC002FF2A4 /* Products */ = {
			isa = PBXGroup;
			children = (
				C7BF105B2E1421EC002FF2A4 /* MediMate.app */,
				C7BF10682E1421EE002FF2A4 /* MediMateTests.xctest */,
				C7BF10722E1421EE002FF2A4 /* MediMateUITests.xctest */,
			);
			name = Products;
			sourceTree = "<group>";
		};
/* End PBXGroup section */

/* Begin PBXNativeTarget section */
		C7BF105A2E1421EC002FF2A4 /* MediMate */ = {
			isa = PBXNativeTarget;
			buildConfigurationList = C7BF107C2E1421EE002FF2A4 /* Build configuration list for PBXNativeTarget "MediMate" */;
			buildPhases = (
				C7BF10572E1421EC002FF2A4 /* Sources */,
				C7BF10582E1421EC002FF2A4 /* Frameworks */,
				C7BF10592E1421EC002FF2A4 /* Resources */,
			);
			buildRules = (
			);
			dependencies = (
			);
			name = MediMate;
			packageProductDependencies = (
				C76BBB582E30B65000571435 /* FirebaseAuth */,
				C76BBB5A2E30B65000571435 /* FirebaseFirestore */,
			);
			productName = MediMate;
			productReference = C7BF105B2E1421EC002FF2A4 /* MediMate.app */;
			productType = "com.apple.product-type.application";
		};
		C7BF10672E1421EE002FF2A4 /* MediMateTests */ = {
			isa = PBXNativeTarget;
			buildConfigurationList = C7BF107F2E1421EE002FF2A4 /* Build configuration list for PBXNativeTarget "MediMateTests" */;
			buildPhases = (
				C7BF10642E1421EE002FF2A4 /* Sources */,
				C7BF10652E1421EE002FF2A4 /* Frameworks */,
				C7BF10662E1421EE002FF2A4 /* Resources */,
			);
			buildRules = (
			);
			dependencies = (
				C7BF106A2E1421EE002FF2A4 /* PBXTargetDependency */,
			);
			fileSystemSynchronizedGroups = (
				C7BF106B2E1421EE002FF2A4 /* MediMateTests */,
			);
			name = MediMateTests;
			packageProductDependencies = (
			);
			productName = MediMateTests;
			productReference = C7BF10682E1421EE002FF2A4 /* MediMateTests.xctest */;
			productType = "com.apple.product-type.bundle.unit-test";
		};
		C7BF10712E1421EE002FF2A4 /* MediMateUITests */ = {
			isa = PBXNativeTarget;
			buildConfigurationList = C7BF10822E1421EE002FF2A4 /* Build configuration list for PBXNativeTarget "MediMateUITests" */;
			buildPhases = (
				C7BF106E2E1421EE002FF2A4 /* Sources */,
				C7BF106F2E1421EE002FF2A4 /* Frameworks */,
				C7BF10702E1421EE002FF2A4 /* Resources */,
			);
			buildRules = (
			);
			dependencies = (
				C7BF10742E1421EE002FF2A4 /* PBXTargetDependency */,
			);
			fileSystemSynchronizedGroups = (
				C7BF10752E1421EE002FF2A4 /* MediMateUITests */,
			);
			name = MediMateUITests;
			packageProductDependencies = (
			);
			productName = MediMateUITests;
			productReference = C7BF10722E1421EE002FF2A4 /* MediMateUITests.xctest */;
			productType = "com.apple.product-type.bundle.ui-testing";
		};
/* End PBXNativeTarget section */

/* Begin PBXProject section */
		C7BF10532E1421EC002FF2A4 /* Project object */ = {
			isa = PBXProject;
			attributes = {
				BuildIndependentTargetsInParallel = 1;
				LastSwiftUpdateCheck = 1640;
				LastUpgradeCheck = 1640;
				TargetAttributes = {
					C7BF105A2E1421EC002FF2A4 = {
						CreatedOnToolsVersion = 16.4;
					};
					C7BF10672E1421EE002FF2A4 = {
						CreatedOnToolsVersion = 16.4;
						TestTargetID = C7BF105A2E1421EC002FF2A4;
					};
					C7BF10712E1421EE002FF2A4 = {
						CreatedOnToolsVersion = 16.4;
						TestTargetID = C7BF105A2E1421EC002FF2A4;
					};
				};
			};
			buildConfigurationList = C7BF10562E1421EC002FF2A4 /* Build configuration list for PBXProject "MediMate" */;
			developmentRegion = en;
			hasScannedForEncodings = 0;
			knownRegions = (
				en,
				Base,
			);
			mainGroup = C7BF10522E1421EC002FF2A4;
			minimizedProjectReferenceProxies = 1;
			packageReferences = (
				C76BBB572E30B65000571435 /* XCRemoteSwiftPackageReference "firebase-ios-sdk" */,
			);
			preferredProjectObjectVersion = 77;
			productRefGroup = C7BF105C2E1421EC002FF2A4 /* Products */;
			projectDirPath = "";
			projectRoot = "";
			targets = (
				C7BF105A2E1421EC002FF2A4 /* MediMate */,
				C7BF10672E1421EE002FF2A4 /* MediMateTests */,
				C7BF10712E1421EE002FF2A4 /* MediMateUITests */,
			);
		};
/* End PBXProject section */

/* Begin PBXResourcesBuildPhase section */
		C7BF10592E1421EC002FF2A4 /* Resources */ = {
			isa = PBXResourcesBuildPhase;
			buildActionMask = 2147483647;
			files = (
				C76BBC962E30C05800571435 /* Assets.xcassets in Resources */,
				C76BBC972E30C05800571435 /* GoogleService-Info.plist in Resources */,
			);
			runOnlyForDeploymentPostprocessing = 0;
		};
		C7BF10662E1421EE002FF2A4 /* Resources */ = {
			isa = PBXResourcesBuildPhase;
			buildActionMask = 2147483647;
			files = (
			);
			runOnlyForDeploymentPostprocessing = 0;
		};
		C7BF10702E1421EE002FF2A4 /* Resources */ = {
			isa = PBXResourcesBuildPhase;
			buildActionMask = 2147483647;
			files = (
			);
			runOnlyForDeploymentPostprocessing = 0;
		};
/* End PBXResourcesBuildPhase section */

/* Begin PBXSourcesBuildPhase section */
		C7BF10572E1421EC002FF2A4 /* Sources */ = {
			isa = PBXSourcesBuildPhase;
			buildActionMask = 2147483647;
			files = (
				C76BBC782E30C05800571435 /* MedicationReminder.swift in Sources */,
				C76BBC792E30C05800571435 /* ContentView.swift in Sources */,
				C76BBC7A2E30C05800571435 /* MainTabView.swift in Sources */,
				C76BBC7B2E30C05800571435 /* MyPage.swift in Sources */,
				C76BBC7C2E30C05800571435 /* LoginView.swift in Sources */,
				C76BBC7D2E30C05800571435 /* WeeklyDetailCard.swift in Sources */,
				C76BBC7E2E30C05800571435 /* ChatView.swift in Sources */,
				C76BBC7F2E30C05800571435 /* SignUp.swift in Sources */,
				C76BBC802E30C05800571435 /* HistoryView.swift in Sources */,
				C76BBC812E30C05800571435 /* Notificationmanager.swift in Sources */,
				C76BBC822E30C05800571435 /* ReminderAddView.swift in Sources */,
				C76BBC832E30C05800571435 /* WeeklyReportCardView.swift in Sources */,
				C76BBC842E30C05800571435 /* CalendarGridView.swift in Sources */,
				C76BBC852E30C05800571435 /* HealthTipView.swift in Sources */,
				C76BBC862E30C05800571435 /* WeeklyDoseStat.swift in Sources */,
				C76BBC872E30C05800571435 /* CalendarView.swift in Sources */,
				C76BBC882E30C05800571435 /* ReportView.swift in Sources */,
				C76BBC892E30C05800571435 /* MediMateApp.swift in Sources */,
				C76BBC8A2E30C05800571435 /* HomeView.swift in Sources */,
				C76BBC8B2E30C05800571435 /* TodayMedicationListView.swift in Sources */,
				C76BBC8C2E30C05800571435 /* ReminderListView.swift in Sources */,
				C76BBC8D2E30C05800571435 /* ConsultView.swift in Sources */,
				C76BBC8E2E30C05800571435 /* ReminderTabView.swift in Sources */,
				C76BBC8F2E30C05800571435 /* MedicationProgressView.swift in Sources */,
				C76BBC902E30C05800571435 /* EditReminderView.swift in Sources */,
				C76BBC912E30C05800571435 /* InputOptionButton.swift in Sources */,
				C76BBC922E30C05800571435 /* AuthViewModel.swift in Sources */,
				C76BBC932E30C05800571435 /* DoseRecord.swift in Sources */,
				C76BBC942E30C05800571435 /* UpcomingMedicationView.swift in Sources */,
				C76BBC952E30C05800571435 /* AnalyzeView.swift in Sources */,
			);
			runOnlyForDeploymentPostprocessing = 0;
		};
		C7BF10642E1421EE002FF2A4 /* Sources */ = {
			isa = PBXSourcesBuildPhase;
			buildActionMask = 2147483647;
			files = (
			);
			runOnlyForDeploymentPostprocessing = 0;
		};
		C7BF106E2E1421EE002FF2A4 /* Sources */ = {
			isa = PBXSourcesBuildPhase;
			buildActionMask = 2147483647;
			files = (
			);
			runOnlyForDeploymentPostprocessing = 0;
		};
/* End PBXSourcesBuildPhase section */

/* Begin PBXTargetDependency section */
		C7BF106A2E1421EE002FF2A4 /* PBXTargetDependency */ = {
			isa = PBXTargetDependency;
			target = C7BF105A2E1421EC002FF2A4 /* MediMate */;
			targetProxy = C7BF10692E1421EE002FF2A4 /* PBXContainerItemProxy */;
		};
		C7BF10742E1421EE002FF2A4 /* PBXTargetDependency */ = {
			isa = PBXTargetDependency;
			target = C7BF105A2E1421EC002FF2A4 /* MediMate */;
			targetProxy = C7BF10732E1421EE002FF2A4 /* PBXContainerItemProxy */;
		};
/* End PBXTargetDependency section */

/* Begin XCBuildConfiguration section */
		C7BF107A2E1421EE002FF2A4 /* Debug */ = {
			isa = XCBuildConfiguration;
			buildSettings = {
				ALWAYS_SEARCH_USER_PATHS = NO;
				ASSETCATALOG_COMPILER_GENERATE_SWIFT_ASSET_SYMBOL_EXTENSIONS = YES;
				CLANG_ANALYZER_NONNULL = YES;
				CLANG_ANALYZER_NUMBER_OBJECT_CONVERSION = YES_AGGRESSIVE;
				CLANG_CXX_LANGUAGE_STANDARD = "gnu++20";
				CLANG_ENABLE_MODULES = YES;
				CLANG_ENABLE_OBJC_ARC = YES;
				CLANG_ENABLE_OBJC_WEAK = YES;
				CLANG_WARN_BLOCK_CAPTURE_AUTORELEASING = YES;
				CLANG_WARN_BOOL_CONVERSION = YES;
				CLANG_WARN_COMMA = YES;
				CLANG_WARN_CONSTANT_CONVERSION = YES;
				CLANG_WARN_DEPRECATED_OBJC_IMPLEMENTATIONS = YES;
				CLANG_WARN_DIRECT_OBJC_ISA_USAGE = YES_ERROR;
				CLANG_WARN_DOCUMENTATION_COMMENTS = YES;
				CLANG_WARN_EMPTY_BODY = YES;
				CLANG_WARN_ENUM_CONVERSION = YES;
				CLANG_WARN_INFINITE_RECURSION = YES;
				CLANG_WARN_INT_CONVERSION = YES;
				CLANG_WARN_NON_LITERAL_NULL_CONVERSION = YES;
				CLANG_WARN_OBJC_IMPLICIT_RETAIN_SELF = YES;
				CLANG_WARN_OBJC_LITERAL_CONVERSION = YES;
				CLANG_WARN_OBJC_ROOT_CLASS = YES_ERROR;
				CLANG_WARN_QUOTED_INCLUDE_IN_FRAMEWORK_HEADER = YES;
				CLANG_WARN_RANGE_LOOP_ANALYSIS = YES;
				CLANG_WARN_STRICT_PROTOTYPES = YES;
				CLANG_WARN_SUSPICIOUS_MOVE = YES;
				CLANG_WARN_UNGUARDED_AVAILABILITY = YES_AGGRESSIVE;
				CLANG_WARN_UNREACHABLE_CODE = YES;
				CLANG_WARN__DUPLICATE_METHOD_MATCH = YES;
				COPY_PHASE_STRIP = NO;
				DEBUG_INFORMATION_FORMAT = dwarf;
				ENABLE_STRICT_OBJC_MSGSEND = YES;
				ENABLE_TESTABILITY = YES;
				ENABLE_USER_SCRIPT_SANDBOXING = YES;
				GCC_C_LANGUAGE_STANDARD = gnu17;
				GCC_DYNAMIC_NO_PIC = NO;
				GCC_NO_COMMON_BLOCKS = YES;
				GCC_OPTIMIZATION_LEVEL = 0;
				GCC_PREPROCESSOR_DEFINITIONS = (
					"DEBUG=1",
					"$(inherited)",
				);
				GCC_WARN_64_TO_32_BIT_CONVERSION = YES;
				GCC_WARN_ABOUT_RETURN_TYPE = YES_ERROR;
				GCC_WARN_UNDECLARED_SELECTOR = YES;
				GCC_WARN_UNINITIALIZED_AUTOS = YES_AGGRESSIVE;
				GCC_WARN_UNUSED_FUNCTION = YES;
				GCC_WARN_UNUSED_VARIABLE = YES;
				IPHONEOS_DEPLOYMENT_TARGET = 18.5;
				LOCALIZATION_PREFERS_STRING_CATALOGS = YES;
				MTL_ENABLE_DEBUG_INFO = INCLUDE_SOURCE;
				MTL_FAST_MATH = YES;
				ONLY_ACTIVE_ARCH = YES;
				SDKROOT = iphoneos;
				SWIFT_ACTIVE_COMPILATION_CONDITIONS = "DEBUG $(inherited)";
				SWIFT_OPTIMIZATION_LEVEL = "-Onone";
			};
			name = Debug;
		};
		C7BF107B2E1421EE002FF2A4 /* Release */ = {
			isa = XCBuildConfiguration;
			buildSettings = {
				ALWAYS_SEARCH_USER_PATHS = NO;
				ASSETCATALOG_COMPILER_GENERATE_SWIFT_ASSET_SYMBOL_EXTENSIONS = YES;
				CLANG_ANALYZER_NONNULL = YES;
				CLANG_ANALYZER_NUMBER_OBJECT_CONVERSION = YES_AGGRESSIVE;
				CLANG_CXX_LANGUAGE_STANDARD = "gnu++20";
				CLANG_ENABLE_MODULES = YES;
				CLANG_ENABLE_OBJC_ARC = YES;
				CLANG_ENABLE_OBJC_WEAK = YES;
				CLANG_WARN_BLOCK_CAPTURE_AUTORELEASING = YES;
				CLANG_WARN_BOOL_CONVERSION = YES;
				CLANG_WARN_COMMA = YES;
				CLANG_WARN_CONSTANT_CONVERSION = YES;
				CLANG_WARN_DEPRECATED_OBJC_IMPLEMENTATIONS = YES;
				CLANG_WARN_DIRECT_OBJC_ISA_USAGE = YES_ERROR;
				CLANG_WARN_DOCUMENTATION_COMMENTS = YES;
				CLANG_WARN_EMPTY_BODY = YES;
				CLANG_WARN_ENUM_CONVERSION = YES;
				CLANG_WARN_INFINITE_RECURSION = YES;
				CLANG_WARN_INT_CONVERSION = YES;
				CLANG_WARN_NON_LITERAL_NULL_CONVERSION = YES;
				CLANG_WARN_OBJC_IMPLICIT_RETAIN_SELF = YES;
				CLANG_WARN_OBJC_LITERAL_CONVERSION = YES;
				CLANG_WARN_OBJC_ROOT_CLASS = YES_ERROR;
				CLANG_WARN_QUOTED_INCLUDE_IN_FRAMEWORK_HEADER = YES;
				CLANG_WARN_RANGE_LOOP_ANALYSIS = YES;
				CLANG_WARN_STRICT_PROTOTYPES = YES;
				CLANG_WARN_SUSPICIOUS_MOVE = YES;
				CLANG_WARN_UNGUARDED_AVAILABILITY = YES_AGGRESSIVE;
				CLANG_WARN_UNREACHABLE_CODE = YES;
				CLANG_WARN__DUPLICATE_METHOD_MATCH = YES;
				COPY_PHASE_STRIP = NO;
				DEBUG_INFORMATION_FORMAT = "dwarf-with-dsym";
				ENABLE_NS_ASSERTIONS = NO;
				ENABLE_STRICT_OBJC_MSGSEND = YES;
				ENABLE_USER_SCRIPT_SANDBOXING = YES;
				GCC_C_LANGUAGE_STANDARD = gnu17;
				GCC_NO_COMMON_BLOCKS = YES;
				GCC_WARN_64_TO_32_BIT_CONVERSION = YES;
				GCC_WARN_ABOUT_RETURN_TYPE = YES_ERROR;
				GCC_WARN_UNDECLARED_SELECTOR = YES;
				GCC_WARN_UNINITIALIZED_AUTOS = YES_AGGRESSIVE;
				GCC_WARN_UNUSED_FUNCTION = YES;
				GCC_WARN_UNUSED_VARIABLE = YES;
				IPHONEOS_DEPLOYMENT_TARGET = 18.5;
				LOCALIZATION_PREFERS_STRING_CATALOGS = YES;
				MTL_ENABLE_DEBUG_INFO = NO;
				MTL_FAST_MATH = YES;
				SDKROOT = iphoneos;
				SWIFT_COMPILATION_MODE = wholemodule;
				VALIDATE_PRODUCT = YES;
			};
			name = Release;
		};
		C7BF107D2E1421EE002FF2A4 /* Debug */ = {
			isa = XCBuildConfiguration;
			buildSettings = {
				ASSETCATALOG_COMPILER_APPICON_NAME = AppIcon;
				ASSETCATALOG_COMPILER_GLOBAL_ACCENT_COLOR_NAME = AccentColor;
				CODE_SIGN_STYLE = Automatic;
				CURRENT_PROJECT_VERSION = 1;
				DEVELOPMENT_TEAM = 2T3RSS87H7;
				ENABLE_PREVIEWS = YES;
				GENERATE_INFOPLIST_FILE = YES;
				INFOPLIST_KEY_NSCameraUsageDescription = "약 사진을 촬영하기 위해 카메라 접근 권한이 필요합니다.";
				INFOPLIST_KEY_UIApplicationSceneManifest_Generation = YES;
				INFOPLIST_KEY_UIApplicationSupportsIndirectInputEvents = YES;
				INFOPLIST_KEY_UILaunchScreen_Generation = YES;
				INFOPLIST_KEY_UISupportedInterfaceOrientations_iPad = "UIInterfaceOrientationPortrait UIInterfaceOrientationPortraitUpsideDown UIInterfaceOrientationLandscapeLeft UIInterfaceOrientationLandscapeRight";
				INFOPLIST_KEY_UISupportedInterfaceOrientations_iPhone = "UIInterfaceOrientationPortrait UIInterfaceOrientationLandscapeLeft UIInterfaceOrientationLandscapeRight";
				LD_RUNPATH_SEARCH_PATHS = (
					"$(inherited)",
					"@executable_path/Frameworks",
				);
				MARKETING_VERSION = 1.0;
				PRODUCT_BUNDLE_IDENTIFIER = edu.sungshin.MediMate;
				PRODUCT_NAME = "$(TARGET_NAME)";
				SWIFT_EMIT_LOC_STRINGS = YES;
				SWIFT_VERSION = 5.0;
				TARGETED_DEVICE_FAMILY = "1,2";
			};
			name = Debug;
		};
		C7BF107E2E1421EE002FF2A4 /* Release */ = {
			isa = XCBuildConfiguration;
			buildSettings = {
				ASSETCATALOG_COMPILER_APPICON_NAME = AppIcon;
				ASSETCATALOG_COMPILER_GLOBAL_ACCENT_COLOR_NAME = AccentColor;
				CODE_SIGN_STYLE = Automatic;
				CURRENT_PROJECT_VERSION = 1;
				DEVELOPMENT_TEAM = 2T3RSS87H7;
				ENABLE_PREVIEWS = YES;
				GENERATE_INFOPLIST_FILE = YES;
				INFOPLIST_KEY_NSCameraUsageDescription = "약 사진을 촬영하기 위해 카메라 접근 권한이 필요합니다.";
				INFOPLIST_KEY_UIApplicationSceneManifest_Generation = YES;
				INFOPLIST_KEY_UIApplicationSupportsIndirectInputEvents = YES;
				INFOPLIST_KEY_UILaunchScreen_Generation = YES;
				INFOPLIST_KEY_UISupportedInterfaceOrientations_iPad = "UIInterfaceOrientationPortrait UIInterfaceOrientationPortraitUpsideDown UIInterfaceOrientationLandscapeLeft UIInterfaceOrientationLandscapeRight";
				INFOPLIST_KEY_UISupportedInterfaceOrientations_iPhone = "UIInterfaceOrientationPortrait UIInterfaceOrientationLandscapeLeft UIInterfaceOrientationLandscapeRight";
				LD_RUNPATH_SEARCH_PATHS = (
					"$(inherited)",
					"@executable_path/Frameworks",
				);
				MARKETING_VERSION = 1.0;
				PRODUCT_BUNDLE_IDENTIFIER = edu.sungshin.MediMate;
				PRODUCT_NAME = "$(TARGET_NAME)";
				SWIFT_EMIT_LOC_STRINGS = YES;
				SWIFT_VERSION = 5.0;
				TARGETED_DEVICE_FAMILY = "1,2";
			};
			name = Release;
		};
		C7BF10802E1421EE002FF2A4 /* Debug */ = {
			isa = XCBuildConfiguration;
			buildSettings = {
				BUNDLE_LOADER = "$(TEST_HOST)";
				CODE_SIGN_STYLE = Automatic;
				CURRENT_PROJECT_VERSION = 1;
				GENERATE_INFOPLIST_FILE = YES;
				IPHONEOS_DEPLOYMENT_TARGET = 18.5;
				MARKETING_VERSION = 1.0;
				PRODUCT_BUNDLE_IDENTIFIER = edu.sungshin.MediMateTests;
				PRODUCT_NAME = "$(TARGET_NAME)";
				SWIFT_EMIT_LOC_STRINGS = NO;
				SWIFT_VERSION = 5.0;
				TARGETED_DEVICE_FAMILY = "1,2";
				TEST_HOST = "$(BUILT_PRODUCTS_DIR)/MediMate.app/$(BUNDLE_EXECUTABLE_FOLDER_PATH)/MediMate";
			};
			name = Debug;
		};
		C7BF10812E1421EE002FF2A4 /* Release */ = {
			isa = XCBuildConfiguration;
			buildSettings = {
				BUNDLE_LOADER = "$(TEST_HOST)";
				CODE_SIGN_STYLE = Automatic;
				CURRENT_PROJECT_VERSION = 1;
				GENERATE_INFOPLIST_FILE = YES;
				IPHONEOS_DEPLOYMENT_TARGET = 18.5;
				MARKETING_VERSION = 1.0;
				PRODUCT_BUNDLE_IDENTIFIER = edu.sungshin.MediMateTests;
				PRODUCT_NAME = "$(TARGET_NAME)";
				SWIFT_EMIT_LOC_STRINGS = NO;
				SWIFT_VERSION = 5.0;
				TARGETED_DEVICE_FAMILY = "1,2";
				TEST_HOST = "$(BUILT_PRODUCTS_DIR)/MediMate.app/$(BUNDLE_EXECUTABLE_FOLDER_PATH)/MediMate";
			};
			name = Release;
		};
		C7BF10832E1421EE002FF2A4 /* Debug */ = {
			isa = XCBuildConfiguration;
			buildSettings = {
				CODE_SIGN_STYLE = Automatic;
				CURRENT_PROJECT_VERSION = 1;
				GENERATE_INFOPLIST_FILE = YES;
				MARKETING_VERSION = 1.0;
				PRODUCT_BUNDLE_IDENTIFIER = edu.sungshin.MediMateUITests;
				PRODUCT_NAME = "$(TARGET_NAME)";
				SWIFT_EMIT_LOC_STRINGS = NO;
				SWIFT_VERSION = 5.0;
				TARGETED_DEVICE_FAMILY = "1,2";
				TEST_TARGET_NAME = MediMate;
			};
			name = Debug;
		};
		C7BF10842E1421EE002FF2A4 /* Release */ = {
			isa = XCBuildConfiguration;
			buildSettings = {
				CODE_SIGN_STYLE = Automatic;
				CURRENT_PROJECT_VERSION = 1;
				GENERATE_INFOPLIST_FILE = YES;
				MARKETING_VERSION = 1.0;
				PRODUCT_BUNDLE_IDENTIFIER = edu.sungshin.MediMateUITests;
				PRODUCT_NAME = "$(TARGET_NAME)";
				SWIFT_EMIT_LOC_STRINGS = NO;
				SWIFT_VERSION = 5.0;
				TARGETED_DEVICE_FAMILY = "1,2";
				TEST_TARGET_NAME = MediMate;
			};
			name = Release;
		};
/* End XCBuildConfiguration section */

/* Begin XCConfigurationList section */
		C7BF10562E1421EC002FF2A4 /* Build configuration list for PBXProject "MediMate" */ = {
			isa = XCConfigurationList;
			buildConfigurations = (
				C7BF107A2E1421EE002FF2A4 /* Debug */,
				C7BF107B2E1421EE002FF2A4 /* Release */,
			);
			defaultConfigurationIsVisible = 0;
			defaultConfigurationName = Release;
		};
		C7BF107C2E1421EE002FF2A4 /* Build configuration list for PBXNativeTarget "MediMate" */ = {
			isa = XCConfigurationList;
			buildConfigurations = (
				C7BF107D2E1421EE002FF2A4 /* Debug */,
				C7BF107E2E1421EE002FF2A4 /* Release */,
			);
			defaultConfigurationIsVisible = 0;
			defaultConfigurationName = Release;
		};
		C7BF107F2E1421EE002FF2A4 /* Build configuration list for PBXNativeTarget "MediMateTests" */ = {
			isa = XCConfigurationList;
			buildConfigurations = (
				C7BF10802E1421EE002FF2A4 /* Debug */,
				C7BF10812E1421EE002FF2A4 /* Release */,
			);
			defaultConfigurationIsVisible = 0;
			defaultConfigurationName = Release;
		};
		C7BF10822E1421EE002FF2A4 /* Build configuration list for PBXNativeTarget "MediMateUITests" */ = {
			isa = XCConfigurationList;
			buildConfigurations = (
				C7BF10832E1421EE002FF2A4 /* Debug */,
				C7BF10842E1421EE002FF2A4 /* Release */,
			);
			defaultConfigurationIsVisible = 0;
			defaultConfigurationName = Release;
		};
/* End XCConfigurationList section */

/* Begin XCRemoteSwiftPackageReference section */
		C76BBB572E30B65000571435 /* XCRemoteSwiftPackageReference "firebase-ios-sdk" */ = {
			isa = XCRemoteSwiftPackageReference;
			repositoryURL = "https://github.com/firebase/firebase-ios-sdk";
			requirement = {
				kind = upToNextMajorVersion;
				minimumVersion = 12.0.0;
			};
		};
/* End XCRemoteSwiftPackageReference section */

/* Begin XCSwiftPackageProductDependency section */
		C76BBB582E30B65000571435 /* FirebaseAuth */ = {
			isa = XCSwiftPackageProductDependency;
			package = C76BBB572E30B65000571435 /* XCRemoteSwiftPackageReference "firebase-ios-sdk" */;
			productName = FirebaseAuth;
		};
		C76BBB5A2E30B65000571435 /* FirebaseFirestore */ = {
			isa = XCSwiftPackageProductDependency;
			package = C76BBB572E30B65000571435 /* XCRemoteSwiftPackageReference "firebase-ios-sdk" */;
			productName = FirebaseFirestore;
		};
/* End XCSwiftPackageProductDependency section */
	};
	rootObject = C7BF10532E1421EC002FF2A4 /* Project object */;
}
